<?xml version="1.0" encoding="utf-8"?>
<Project ToolsVersion="4.0" xmlns="http://schemas.microsoft.com/developer/msbuild/2003">
  <ItemGroup>
    <Filter Include="Pch">
      <UniqueIdentifier>{6014880B-CC1D-887C-5599-9E7CC1A1937C}</UniqueIdentifier>
    </Filter>
  </ItemGroup>
  <ItemGroup>
    <ClInclude Include="Pch\framework.h">
      <Filter>Pch</Filter>
    </ClInclude>
    <ClInclude Include="Pch\pch.h">
      <Filter>Pch</Filter>
    </ClInclude>
    <ClInclude Include="resource.h" />
  </ItemGroup>
  <ItemGroup>
    <ClCompile Include="Pch\pch.cpp">
      <Filter>Pch</Filter>
    </ClCompile>
    <ClCompile Include="main.cpp" />
  </ItemGroup>
  <ItemGroup>
    <None Include="icon1.ico" />
  </ItemGroup>
  <ItemGroup>
    <ResourceCompile Include="ZeroEditor.rc" />
  </ItemGroup>
</Project>