<?xml version="1.0" encoding="utf-8"?>
<Project ToolsVersion="4.0" xmlns="http://schemas.microsoft.com/developer/msbuild/2003">
  <ItemGroup>
    <Filter Include="Application">
      <UniqueIdentifier>{D9DE78AF-4594-F1A4-CE88-EB7B3A3DE8A8}</UniqueIdentifier>
    </Filter>
    <Filter Include="Graphics">
      <UniqueIdentifier>{1653CE33-0220-293F-2B39-17E717655ECD}</UniqueIdentifier>
    </Filter>
    <Filter Include="Graphics\VulkanSetup">
      <UniqueIdentifier>{A77238B3-9301-C27C-3C20-D677288ED222}</UniqueIdentifier>
    </Filter>
    <Filter Include="Miscs">
      <UniqueIdentifier>{24E9AB0D-90FD-D3BE-597F-771EC552D0EF}</UniqueIdentifier>
    </Filter>
    <Filter Include="Pch">
      <UniqueIdentifier>{6014880B-CC1D-887C-5599-9E7CC1A1937C}</UniqueIdentifier>
    </Filter>
    <Filter Include="Windows">
      <UniqueIdentifier>{5032B729-BC11-36C5-C529-C19B31889C26}</UniqueIdentifier>
    </Filter>
  </ItemGroup>
  <ItemGroup>
    <ClInclude Include="Application\ZeroApplication.h">
      <Filter>Application</Filter>
    </ClInclude>
    <ClInclude Include="Graphics\GraphicsEngine.h">
      <Filter>Graphics</Filter>
    </ClInclude>
    <ClInclude Include="Graphics\Vertex.h">
      <Filter>Graphics</Filter>
    </ClInclude>
    <ClInclude Include="Graphics\VulkanSetup\QueueFamilyIndices.h">
      <Filter>Graphics\VulkanSetup</Filter>
    </ClInclude>
    <ClInclude Include="Graphics\VulkanSetup\SwapChainSupportDetails.h">
      <Filter>Graphics\VulkanSetup</Filter>
    </ClInclude>
    <ClInclude Include="Graphics\VulkanSetup\ZeroVkDebug.h">
      <Filter>Graphics\VulkanSetup</Filter>
    </ClInclude>
    <ClInclude Include="Graphics\VulkanSetup\ZeroVkGraphicsPipeLine.h">
      <Filter>Graphics\VulkanSetup</Filter>
    </ClInclude>
    <ClInclude Include="Graphics\VulkanSetup\ZeroVkHelper.h">
      <Filter>Graphics\VulkanSetup</Filter>
    </ClInclude>
    <ClInclude Include="Graphics\VulkanSetup\ZeroVkLogicalDevice.h">
      <Filter>Graphics\VulkanSetup</Filter>
    </ClInclude>
    <ClInclude Include="Graphics\VulkanSetup\ZeroVkPhysicalDevice.h">
      <Filter>Graphics\VulkanSetup</Filter>
    </ClInclude>
    <ClInclude Include="Graphics\VulkanSetup\ZeroVkSwapChain.h">
      <Filter>Graphics\VulkanSetup</Filter>
    </ClInclude>
    <ClInclude Include="Miscs\Helpers.h">
      <Filter>Miscs</Filter>
    </ClInclude>
    <ClInclude Include="Pch\framework.h">
      <Filter>Pch</Filter>
    </ClInclude>
    <ClInclude Include="Pch\pch.h">
      <Filter>Pch</Filter>
    </ClInclude>
    <ClInclude Include="Windows\ZeroWindow.h">
      <Filter>Windows</Filter>
    </ClInclude>
  </ItemGroup>
  <ItemGroup>
    <ClCompile Include="Application\ZeroApplication.cpp">
      <Filter>Application</Filter>
    </ClCompile>
    <ClCompile Include="Graphics\GraphicsEngine.cpp">
      <Filter>Graphics</Filter>
    </ClCompile>
    <ClCompile Include="Graphics\Vertex.cpp">
      <Filter>Graphics</Filter>
    </ClCompile>
    <ClCompile Include="Graphics\VulkanSetup\ZeroVkDebug.cpp">
      <Filter>Graphics\VulkanSetup</Filter>
    </ClCompile>
    <ClCompile Include="Graphics\VulkanSetup\ZeroVkGraphicsPipeLine.cpp">
      <Filter>Graphics\VulkanSetup</Filter>
    </ClCompile>
    <ClCompile Include="Graphics\VulkanSetup\ZeroVkHelper.cpp">
      <Filter>Graphics\VulkanSetup</Filter>
    </ClCompile>
    <ClCompile Include="Graphics\VulkanSetup\ZeroVkLogicalDevice.cpp">
      <Filter>Graphics\VulkanSetup</Filter>
    </ClCompile>
    <ClCompile Include="Graphics\VulkanSetup\ZeroVkPhysicalDevice.cpp">
      <Filter>Graphics\VulkanSetup</Filter>
    </ClCompile>
    <ClCompile Include="Graphics\VulkanSetup\ZeroVkSwapChain.cpp">
      <Filter>Graphics\VulkanSetup</Filter>
    </ClCompile>
    <ClCompile Include="Miscs\Helpers.cpp">
      <Filter>Miscs</Filter>
    </ClCompile>
    <ClCompile Include="Pch\pch.cpp">
      <Filter>Pch</Filter>
    </ClCompile>
    <ClCompile Include="Windows\ZeroWindow.cpp">
      <Filter>Windows</Filter>
    </ClCompile>
  </ItemGroup>
</Project>